
Microsoft Visual Studio Solution File, Format Version 12.00
# Visual Studio Version 16
VisualStudioVersion = 16.0.31129.286
MinimumVisualStudioVersion = 10.0.40219.1
Project("{FAE04EC0-301F-11D3-BF4B-00C04F79EFBC}") = "Reto 2", "Reto 2\Reto 2.csproj", "{766A4EEE-C9EC-4E6A-8B4E-D8A051A176F2}"
EndProject
Project("{FAE04EC0-301F-11D3-BF4B-00C04F79EFBC}") = "LinkedListReto2", "LinkedListReto2\LinkedListReto2.csproj", "{67674050-9537-44A5-BFFF-01500DFEF138}"
EndProject
Global
	GlobalSection(SolutionConfigurationPlatforms) = preSolution
		Debug|Any CPU = Debug|Any CPU
		Release|Any CPU = Release|Any CPU
	EndGlobalSection
	GlobalSection(ProjectConfigurationPlatforms) = postSolution
		{766A4EEE-C9EC-4E6A-8B4E-D8A051A176F2}.Debug|Any CPU.ActiveCfg = Debug|Any CPU
		{766A4EEE-C9EC-4E6A-8B4E-D8A051A176F2}.Debug|Any CPU.Build.0 = Debug|Any CPU
		{766A4EEE-C9EC-4E6A-8B4E-D8A051A176F2}.Release|Any CPU.ActiveCfg = Release|Any CPU
		{766A4EEE-C9EC-4E6A-8B4E-D8A051A176F2}.Release|Any CPU.Build.0 = Release|Any CPU
		{67674050-9537-44A5-BFFF-01500DFEF138}.Debug|Any CPU.ActiveCfg = Debug|Any CPU
		{67674050-9537-44A5-BFFF-01500DFEF138}.Debug|Any CPU.Build.0 = Debug|Any CPU
		{67674050-9537-44A5-BFFF-01500DFEF138}.Release|Any CPU.ActiveCfg = Release|Any CPU
		{67674050-9537-44A5-BFFF-01500DFEF138}.Release|Any CPU.Build.0 = Release|Any CPU
	EndGlobalSection
	GlobalSection(SolutionProperties) = preSolution
		HideSolutionNode = FALSE
	EndGlobalSection
	GlobalSection(ExtensibilityGlobals) = postSolution
		SolutionGuid = {FB52772B-103E-43D0-A936-8A9370F94181}
	EndGlobalSection
EndGlobal
